
Microsoft Visual Studio Solution File, Format Version 12.00
# Visual Studio 15
VisualStudioVersion = 15.0.27428.2027
MinimumVisualStudioVersion = 10.0.40219.1
Project("{FAE04EC0-301F-11D3-BF4B-00C04F79EFBC}") = "15BasicContols", "15BasicLayout\15BasicContols.csproj", "{55505881-0F8C-4DFE-BEA6-E74BA6FF3CFD}"
EndProject
Project("{FAE04EC0-301F-11D3-BF4B-00C04F79EFBC}") = "16FileEditor", "16FileEditor\16FileEditor.csproj", "{EE568679-7D95-4859-B451-0CCF370BC60D}"
EndProject
Project("{FAE04EC0-301F-11D3-BF4B-00C04F79EFBC}") = "17ClipboardAndMedia", "17ClipboardAndMedia\17ClipboardAndMedia.csproj", "{890433AE-A4E9-41D3-AB81-0EF5D823640D}"
EndProject
Project("{FAE04EC0-301F-11D3-BF4B-00C04F79EFBC}") = "18TAP", "18TAP\18TAP.csproj", "{3F0EE025-531F-44BC-AA5C-AD7AA4DC4596}"
EndProject
Global
	GlobalSection(SolutionConfigurationPlatforms) = preSolution
		Debug|Any CPU = Debug|Any CPU
		Release|Any CPU = Release|Any CPU
	EndGlobalSection
	GlobalSection(ProjectConfigurationPlatforms) = postSolution
		{55505881-0F8C-4DFE-BEA6-E74BA6FF3CFD}.Debug|Any CPU.ActiveCfg = Debug|Any CPU
		{55505881-0F8C-4DFE-BEA6-E74BA6FF3CFD}.Debug|Any CPU.Build.0 = Debug|Any CPU
		{55505881-0F8C-4DFE-BEA6-E74BA6FF3CFD}.Release|Any CPU.ActiveCfg = Release|Any CPU
		{55505881-0F8C-4DFE-BEA6-E74BA6FF3CFD}.Release|Any CPU.Build.0 = Release|Any CPU
		{EE568679-7D95-4859-B451-0CCF370BC60D}.Debug|Any CPU.ActiveCfg = Debug|Any CPU
		{EE568679-7D95-4859-B451-0CCF370BC60D}.Debug|Any CPU.Build.0 = Debug|Any CPU
		{EE568679-7D95-4859-B451-0CCF370BC60D}.Release|Any CPU.ActiveCfg = Release|Any CPU
		{EE568679-7D95-4859-B451-0CCF370BC60D}.Release|Any CPU.Build.0 = Release|Any CPU
		{890433AE-A4E9-41D3-AB81-0EF5D823640D}.Debug|Any CPU.ActiveCfg = Debug|Any CPU
		{890433AE-A4E9-41D3-AB81-0EF5D823640D}.Debug|Any CPU.Build.0 = Debug|Any CPU
		{890433AE-A4E9-41D3-AB81-0EF5D823640D}.Release|Any CPU.ActiveCfg = Release|Any CPU
		{890433AE-A4E9-41D3-AB81-0EF5D823640D}.Release|Any CPU.Build.0 = Release|Any CPU
		{3F0EE025-531F-44BC-AA5C-AD7AA4DC4596}.Debug|Any CPU.ActiveCfg = Debug|Any CPU
		{3F0EE025-531F-44BC-AA5C-AD7AA4DC4596}.Debug|Any CPU.Build.0 = Debug|Any CPU
		{3F0EE025-531F-44BC-AA5C-AD7AA4DC4596}.Release|Any CPU.ActiveCfg = Release|Any CPU
		{3F0EE025-531F-44BC-AA5C-AD7AA4DC4596}.Release|Any CPU.Build.0 = Release|Any CPU
	EndGlobalSection
	GlobalSection(SolutionProperties) = preSolution
		HideSolutionNode = FALSE
	EndGlobalSection
	GlobalSection(ExtensibilityGlobals) = postSolution
		SolutionGuid = {6B0CBF2A-707B-46B4-8B08-783FBE76327A}
	EndGlobalSection
EndGlobal
